
Microsoft Visual Studio Solution File, Format Version 12.00
# Visual Studio 15
VisualStudioVersion = 15.0.26730.16
MinimumVisualStudioVersion = 10.0.40219.1
Project("{FAE04EC0-301F-11D3-BF4B-00C04F79EFBC}") = "Piraeus.Core", "..\..\..\Piraeus\Piraeus.Core\Piraeus.Core.csproj", "{DB8FF87B-3C47-429E-BE51-29ADE3735FCE}"
EndProject
Project("{FAE04EC0-301F-11D3-BF4B-00C04F79EFBC}") = "Piraeus.GrainInterfaces", "..\..\..\Junk\Piraeus.GrainInterfaces\Piraeus.GrainInterfaces.csproj", "{26177E6D-8AAF-4A94-BA1E-73D2DD9F6F8D}"
EndProject
Project("{FAE04EC0-301F-11D3-BF4B-00C04F79EFBC}") = "Piraeus.Grains", "..\..\..\Junk\Piraeus.Grains\Piraeus.Grains.csproj", "{0ADA1249-8A58-466D-BF91-4F18FF85D7A8}"
EndProject
Project("{FAE04EC0-301F-11D3-BF4B-00C04F79EFBC}") = "TestHost", "..\..\..\Junk\TestHost\TestHost.csproj", "{71BC5BFB-839C-47C6-B8E2-20536967F152}"
EndProject
Project("{FAE04EC0-301F-11D3-BF4B-00C04F79EFBC}") = "TestSiloClient", "..\..\..\Junk\TestSiloClient\TestSiloClient.csproj", "{96BD3C75-1FB6-4590-915C-CE60C4E25A3B}"
EndProject
Global
	GlobalSection(SolutionConfigurationPlatforms) = preSolution
		Debug|Any CPU = Debug|Any CPU
		Release|Any CPU = Release|Any CPU
	EndGlobalSection
	GlobalSection(ProjectConfigurationPlatforms) = postSolution
		{DB8FF87B-3C47-429E-BE51-29ADE3735FCE}.Debug|Any CPU.ActiveCfg = Debug|Any CPU
		{DB8FF87B-3C47-429E-BE51-29ADE3735FCE}.Debug|Any CPU.Build.0 = Debug|Any CPU
		{DB8FF87B-3C47-429E-BE51-29ADE3735FCE}.Release|Any CPU.ActiveCfg = Release|Any CPU
		{DB8FF87B-3C47-429E-BE51-29ADE3735FCE}.Release|Any CPU.Build.0 = Release|Any CPU
		{26177E6D-8AAF-4A94-BA1E-73D2DD9F6F8D}.Debug|Any CPU.ActiveCfg = Debug|Any CPU
		{26177E6D-8AAF-4A94-BA1E-73D2DD9F6F8D}.Debug|Any CPU.Build.0 = Debug|Any CPU
		{26177E6D-8AAF-4A94-BA1E-73D2DD9F6F8D}.Release|Any CPU.ActiveCfg = Release|Any CPU
		{26177E6D-8AAF-4A94-BA1E-73D2DD9F6F8D}.Release|Any CPU.Build.0 = Release|Any CPU
		{0ADA1249-8A58-466D-BF91-4F18FF85D7A8}.Debug|Any CPU.ActiveCfg = Debug|Any CPU
		{0ADA1249-8A58-466D-BF91-4F18FF85D7A8}.Debug|Any CPU.Build.0 = Debug|Any CPU
		{0ADA1249-8A58-466D-BF91-4F18FF85D7A8}.Release|Any CPU.ActiveCfg = Release|Any CPU
		{0ADA1249-8A58-466D-BF91-4F18FF85D7A8}.Release|Any CPU.Build.0 = Release|Any CPU
		{71BC5BFB-839C-47C6-B8E2-20536967F152}.Debug|Any CPU.ActiveCfg = Debug|Any CPU
		{71BC5BFB-839C-47C6-B8E2-20536967F152}.Debug|Any CPU.Build.0 = Debug|Any CPU
		{71BC5BFB-839C-47C6-B8E2-20536967F152}.Release|Any CPU.ActiveCfg = Release|Any CPU
		{71BC5BFB-839C-47C6-B8E2-20536967F152}.Release|Any CPU.Build.0 = Release|Any CPU
		{96BD3C75-1FB6-4590-915C-CE60C4E25A3B}.Debug|Any CPU.ActiveCfg = Debug|Any CPU
		{96BD3C75-1FB6-4590-915C-CE60C4E25A3B}.Debug|Any CPU.Build.0 = Debug|Any CPU
		{96BD3C75-1FB6-4590-915C-CE60C4E25A3B}.Release|Any CPU.ActiveCfg = Release|Any CPU
		{96BD3C75-1FB6-4590-915C-CE60C4E25A3B}.Release|Any CPU.Build.0 = Release|Any CPU
	EndGlobalSection
	GlobalSection(SolutionProperties) = preSolution
		HideSolutionNode = FALSE
	EndGlobalSection
	GlobalSection(ExtensibilityGlobals) = postSolution
		SolutionGuid = {04D75D11-BA23-48D1-BD97-FF20FD60A5E5}
	EndGlobalSection
EndGlobal
