
Microsoft Visual Studio Solution File, Format Version 12.00
# Visual Studio 15
VisualStudioVersion = 15.0.27004.2008
MinimumVisualStudioVersion = 10.0.40219.1
Project("{FAE04EC0-301F-11D3-BF4B-00C04F79EFBC}") = "FakeClient", "FakeClient.csproj", "{7356BC7D-D179-4A92-BD92-01B7EBF7D14F}"
EndProject
Project("{FAE04EC0-301F-11D3-BF4B-00C04F79EFBC}") = "Piraeus.Adapters", "..\..\..\Piraeus\Piraeus.Adapters\Piraeus.Adapters.csproj", "{72E062B7-9BAF-47E1-AC10-D89CC3994E3B}"
EndProject
Global
	GlobalSection(SolutionConfigurationPlatforms) = preSolution
		Debug|Any CPU = Debug|Any CPU
		Release|Any CPU = Release|Any CPU
	EndGlobalSection
	GlobalSection(ProjectConfigurationPlatforms) = postSolution
		{7356BC7D-D179-4A92-BD92-01B7EBF7D14F}.Debug|Any CPU.ActiveCfg = Debug|Any CPU
		{7356BC7D-D179-4A92-BD92-01B7EBF7D14F}.Debug|Any CPU.Build.0 = Debug|Any CPU
		{7356BC7D-D179-4A92-BD92-01B7EBF7D14F}.Release|Any CPU.ActiveCfg = Release|Any CPU
		{7356BC7D-D179-4A92-BD92-01B7EBF7D14F}.Release|Any CPU.Build.0 = Release|Any CPU
		{72E062B7-9BAF-47E1-AC10-D89CC3994E3B}.Debug|Any CPU.ActiveCfg = Debug|Any CPU
		{72E062B7-9BAF-47E1-AC10-D89CC3994E3B}.Debug|Any CPU.Build.0 = Debug|Any CPU
		{72E062B7-9BAF-47E1-AC10-D89CC3994E3B}.Release|Any CPU.ActiveCfg = Release|Any CPU
		{72E062B7-9BAF-47E1-AC10-D89CC3994E3B}.Release|Any CPU.Build.0 = Release|Any CPU
	EndGlobalSection
	GlobalSection(SolutionProperties) = preSolution
		HideSolutionNode = FALSE
	EndGlobalSection
	GlobalSection(ExtensibilityGlobals) = postSolution
		SolutionGuid = {68534F4A-20CF-4B1E-8A19-0978DDF9DF41}
	EndGlobalSection
EndGlobal
