
Microsoft Visual Studio Solution File, Format Version 12.00
# Visual Studio 15
VisualStudioVersion = 15.0.26730.16
MinimumVisualStudioVersion = 10.0.40219.1
Project("{FAE04EC0-301F-11D3-BF4B-00C04F79EFBC}") = "Piraeus.Adapters", "Piraeus.Adapters.csproj", "{9C1C84D7-29FD-45CE-ABCB-55FAB943439E}"
EndProject
Global
	GlobalSection(SolutionConfigurationPlatforms) = preSolution
		Debug|Any CPU = Debug|Any CPU
		Release|Any CPU = Release|Any CPU
	EndGlobalSection
	GlobalSection(ProjectConfigurationPlatforms) = postSolution
		{9C1C84D7-29FD-45CE-ABCB-55FAB943439E}.Debug|Any CPU.ActiveCfg = Debug|Any CPU
		{9C1C84D7-29FD-45CE-ABCB-55FAB943439E}.Debug|Any CPU.Build.0 = Debug|Any CPU
		{9C1C84D7-29FD-45CE-ABCB-55FAB943439E}.Release|Any CPU.ActiveCfg = Release|Any CPU
		{9C1C84D7-29FD-45CE-ABCB-55FAB943439E}.Release|Any CPU.Build.0 = Release|Any CPU
	EndGlobalSection
	GlobalSection(SolutionProperties) = preSolution
		HideSolutionNode = FALSE
	EndGlobalSection
	GlobalSection(ExtensibilityGlobals) = postSolution
		SolutionGuid = {3BE6E258-17D5-4B4C-8613-58B71F06240C}
	EndGlobalSection
EndGlobal
