
Microsoft Visual Studio Solution File, Format Version 12.00
# Visual Studio 15
VisualStudioVersion = 15.0.27130.2003
MinimumVisualStudioVersion = 10.0.40219.1
Project("{FAE04EC0-301F-11D3-BF4B-00C04F79EFBC}") = "MySocket", "MySocket\MySocket.csproj", "{A569702A-E17B-4444-B8B0-30DA578644D0}"
EndProject
Global
	GlobalSection(SolutionConfigurationPlatforms) = preSolution
		Debug|Any CPU = Debug|Any CPU
		Release|Any CPU = Release|Any CPU
	EndGlobalSection
	GlobalSection(ProjectConfigurationPlatforms) = postSolution
		{A569702A-E17B-4444-B8B0-30DA578644D0}.Debug|Any CPU.ActiveCfg = Debug|Any CPU
		{A569702A-E17B-4444-B8B0-30DA578644D0}.Debug|Any CPU.Build.0 = Debug|Any CPU
		{A569702A-E17B-4444-B8B0-30DA578644D0}.Release|Any CPU.ActiveCfg = Release|Any CPU
		{A569702A-E17B-4444-B8B0-30DA578644D0}.Release|Any CPU.Build.0 = Release|Any CPU
	EndGlobalSection
	GlobalSection(SolutionProperties) = preSolution
		HideSolutionNode = FALSE
	EndGlobalSection
	GlobalSection(ExtensibilityGlobals) = postSolution
		SolutionGuid = {944A6B8D-E015-41FE-BAB6-96CC6C92975C}
	EndGlobalSection
EndGlobal
