
Microsoft Visual Studio Solution File, Format Version 12.00
# Visual Studio 15
VisualStudioVersion = 15.0.26730.16
MinimumVisualStudioVersion = 10.0.40219.1
Project("{FAE04EC0-301F-11D3-BF4B-00C04F79EFBC}") = "Piraeus.GrainInterfaces", "Piraeus.GrainInterfaces\Piraeus.GrainInterfaces.csproj", "{336EE3D2-8D06-4194-83F8-59A3DC7D63F2}"
EndProject
Project("{FAE04EC0-301F-11D3-BF4B-00C04F79EFBC}") = "Piraeus.Grains", "Piraeus.Grains\Piraeus.Grains.csproj", "{CEB5BD18-EED5-4A35-B2BD-2063F46903A9}"
EndProject
Project("{FAE04EC0-301F-11D3-BF4B-00C04F79EFBC}") = "Piraeus.Core", "..\Piraeus.Core\Piraeus.Core.csproj", "{DB8FF87B-3C47-429E-BE51-29ADE3735FCE}"
EndProject
Global
	GlobalSection(SolutionConfigurationPlatforms) = preSolution
		Debug|Any CPU = Debug|Any CPU
		Release|Any CPU = Release|Any CPU
	EndGlobalSection
	GlobalSection(ProjectConfigurationPlatforms) = postSolution
		{336EE3D2-8D06-4194-83F8-59A3DC7D63F2}.Debug|Any CPU.ActiveCfg = Debug|Any CPU
		{336EE3D2-8D06-4194-83F8-59A3DC7D63F2}.Debug|Any CPU.Build.0 = Debug|Any CPU
		{336EE3D2-8D06-4194-83F8-59A3DC7D63F2}.Release|Any CPU.ActiveCfg = Release|Any CPU
		{336EE3D2-8D06-4194-83F8-59A3DC7D63F2}.Release|Any CPU.Build.0 = Release|Any CPU
		{CEB5BD18-EED5-4A35-B2BD-2063F46903A9}.Debug|Any CPU.ActiveCfg = Debug|Any CPU
		{CEB5BD18-EED5-4A35-B2BD-2063F46903A9}.Debug|Any CPU.Build.0 = Debug|Any CPU
		{CEB5BD18-EED5-4A35-B2BD-2063F46903A9}.Release|Any CPU.ActiveCfg = Release|Any CPU
		{CEB5BD18-EED5-4A35-B2BD-2063F46903A9}.Release|Any CPU.Build.0 = Release|Any CPU
		{DB8FF87B-3C47-429E-BE51-29ADE3735FCE}.Debug|Any CPU.ActiveCfg = Debug|Any CPU
		{DB8FF87B-3C47-429E-BE51-29ADE3735FCE}.Debug|Any CPU.Build.0 = Debug|Any CPU
		{DB8FF87B-3C47-429E-BE51-29ADE3735FCE}.Release|Any CPU.ActiveCfg = Release|Any CPU
		{DB8FF87B-3C47-429E-BE51-29ADE3735FCE}.Release|Any CPU.Build.0 = Release|Any CPU
	EndGlobalSection
	GlobalSection(SolutionProperties) = preSolution
		HideSolutionNode = FALSE
	EndGlobalSection
	GlobalSection(ExtensibilityGlobals) = postSolution
		SolutionGuid = {BA1269F2-9EA0-4854-9EB6-7BCAE8B383FE}
	EndGlobalSection
EndGlobal
