
Microsoft Visual Studio Solution File, Format Version 12.00
# Visual Studio 15
VisualStudioVersion = 15.0.27130.2003
MinimumVisualStudioVersion = 10.0.40219.1
Project("{FAE04EC0-301F-11D3-BF4B-00C04F79EFBC}") = "WebGateway", "WebGateway\WebGateway.csproj", "{EA1E5151-2DF5-481E-BDED-A799C7D3515E}"
EndProject
Project("{E53339B2-1760-4266-BCC7-CA923CBCF16C}") = "docker-compose", "docker-compose.dcproj", "{C5AE3354-EA9D-410E-BE63-B5F7377A5D7C}"
EndProject
Global
	GlobalSection(SolutionConfigurationPlatforms) = preSolution
		Debug|Any CPU = Debug|Any CPU
		Release|Any CPU = Release|Any CPU
	EndGlobalSection
	GlobalSection(ProjectConfigurationPlatforms) = postSolution
		{EA1E5151-2DF5-481E-BDED-A799C7D3515E}.Debug|Any CPU.ActiveCfg = Debug|Any CPU
		{EA1E5151-2DF5-481E-BDED-A799C7D3515E}.Debug|Any CPU.Build.0 = Debug|Any CPU
		{EA1E5151-2DF5-481E-BDED-A799C7D3515E}.Release|Any CPU.ActiveCfg = Release|Any CPU
		{EA1E5151-2DF5-481E-BDED-A799C7D3515E}.Release|Any CPU.Build.0 = Release|Any CPU
		{C5AE3354-EA9D-410E-BE63-B5F7377A5D7C}.Debug|Any CPU.ActiveCfg = Debug|Any CPU
		{C5AE3354-EA9D-410E-BE63-B5F7377A5D7C}.Debug|Any CPU.Build.0 = Debug|Any CPU
		{C5AE3354-EA9D-410E-BE63-B5F7377A5D7C}.Release|Any CPU.ActiveCfg = Release|Any CPU
		{C5AE3354-EA9D-410E-BE63-B5F7377A5D7C}.Release|Any CPU.Build.0 = Release|Any CPU
	EndGlobalSection
	GlobalSection(SolutionProperties) = preSolution
		HideSolutionNode = FALSE
	EndGlobalSection
	GlobalSection(ExtensibilityGlobals) = postSolution
		SolutionGuid = {B9D895E9-724F-4B21-98E8-DACA5554582E}
	EndGlobalSection
EndGlobal
