
Microsoft Visual Studio Solution File, Format Version 12.00
# Visual Studio 15
VisualStudioVersion = 15.0.27004.2008
MinimumVisualStudioVersion = 10.0.40219.1
Project("{FAE04EC0-301F-11D3-BF4B-00C04F79EFBC}") = "TempWebGateway", "TempWebGateway\TempWebGateway.csproj", "{ABD30B34-2F34-430E-B27E-70FF461BC72D}"
EndProject
Project("{FAE04EC0-301F-11D3-BF4B-00C04F79EFBC}") = "Piraeus.Adapters", "..\..\..\Piraeus\Piraeus.Adapters\Piraeus.Adapters.csproj", "{72E062B7-9BAF-47E1-AC10-D89CC3994E3B}"
EndProject
Global
	GlobalSection(SolutionConfigurationPlatforms) = preSolution
		Debug|Any CPU = Debug|Any CPU
		Release|Any CPU = Release|Any CPU
	EndGlobalSection
	GlobalSection(ProjectConfigurationPlatforms) = postSolution
		{ABD30B34-2F34-430E-B27E-70FF461BC72D}.Debug|Any CPU.ActiveCfg = Debug|Any CPU
		{ABD30B34-2F34-430E-B27E-70FF461BC72D}.Debug|Any CPU.Build.0 = Debug|Any CPU
		{ABD30B34-2F34-430E-B27E-70FF461BC72D}.Release|Any CPU.ActiveCfg = Release|Any CPU
		{ABD30B34-2F34-430E-B27E-70FF461BC72D}.Release|Any CPU.Build.0 = Release|Any CPU
		{72E062B7-9BAF-47E1-AC10-D89CC3994E3B}.Debug|Any CPU.ActiveCfg = Debug|Any CPU
		{72E062B7-9BAF-47E1-AC10-D89CC3994E3B}.Debug|Any CPU.Build.0 = Debug|Any CPU
		{72E062B7-9BAF-47E1-AC10-D89CC3994E3B}.Release|Any CPU.ActiveCfg = Release|Any CPU
		{72E062B7-9BAF-47E1-AC10-D89CC3994E3B}.Release|Any CPU.Build.0 = Release|Any CPU
	EndGlobalSection
	GlobalSection(SolutionProperties) = preSolution
		HideSolutionNode = FALSE
	EndGlobalSection
	GlobalSection(ExtensibilityGlobals) = postSolution
		SolutionGuid = {002F5BC8-4156-4905-810C-42852E2B88B6}
	EndGlobalSection
EndGlobal
