
Microsoft Visual Studio Solution File, Format Version 12.00
# Visual Studio 15
VisualStudioVersion = 15.0.27130.2003
MinimumVisualStudioVersion = 10.0.40219.1
Project("{FAE04EC0-301F-11D3-BF4B-00C04F79EFBC}") = "SkunkLab.Listteners", "SkunkLab.Listteners\SkunkLab.Listteners.csproj", "{BF274D4C-4180-4295-97CC-5BEE53C47BDC}"
EndProject
Project("{FAE04EC0-301F-11D3-BF4B-00C04F79EFBC}") = "Piraeus.Adapters", "..\..\..\Piraeus\Piraeus.Adapters\Piraeus.Adapters.csproj", "{72E062B7-9BAF-47E1-AC10-D89CC3994E3B}"
EndProject
Project("{FAE04EC0-301F-11D3-BF4B-00C04F79EFBC}") = "SkunkLab.Security", "..\..\SkunkLab.Security\SkunkLab.Security\SkunkLab.Security.csproj", "{90A2C9BB-D422-44F7-B82F-9758CBACBC25}"
EndProject
Project("{FAE04EC0-301F-11D3-BF4B-00C04F79EFBC}") = "Piraeus.Configuration", "..\..\..\Piraeus\Piraeus.Configuration\Piraeus.Configuration.csproj", "{69E93539-BC52-4BB6-8912-2AF485E42691}"
EndProject
Project("{FAE04EC0-301F-11D3-BF4B-00C04F79EFBC}") = "SkunkLab.Channels", "..\..\SkunkLab.Channels\SkunkLab.Channels\SkunkLab.Channels.csproj", "{7C69A3CA-29DD-4C33-B70F-F998A6E650B9}"
EndProject
Project("{FAE04EC0-301F-11D3-BF4B-00C04F79EFBC}") = "SkunkLab.Diagnostics", "..\..\SkunkLab.Diagnostics\SkunkLab.Diagnostics\SkunkLab.Diagnostics.csproj", "{C6BBC79C-7F29-4385-8B4B-BD73D01AC4E0}"
EndProject
Global
	GlobalSection(SolutionConfigurationPlatforms) = preSolution
		Debug|Any CPU = Debug|Any CPU
		Release|Any CPU = Release|Any CPU
	EndGlobalSection
	GlobalSection(ProjectConfigurationPlatforms) = postSolution
		{BF274D4C-4180-4295-97CC-5BEE53C47BDC}.Debug|Any CPU.ActiveCfg = Debug|Any CPU
		{BF274D4C-4180-4295-97CC-5BEE53C47BDC}.Debug|Any CPU.Build.0 = Debug|Any CPU
		{BF274D4C-4180-4295-97CC-5BEE53C47BDC}.Release|Any CPU.ActiveCfg = Release|Any CPU
		{BF274D4C-4180-4295-97CC-5BEE53C47BDC}.Release|Any CPU.Build.0 = Release|Any CPU
		{72E062B7-9BAF-47E1-AC10-D89CC3994E3B}.Debug|Any CPU.ActiveCfg = Debug|Any CPU
		{72E062B7-9BAF-47E1-AC10-D89CC3994E3B}.Debug|Any CPU.Build.0 = Debug|Any CPU
		{72E062B7-9BAF-47E1-AC10-D89CC3994E3B}.Release|Any CPU.ActiveCfg = Release|Any CPU
		{72E062B7-9BAF-47E1-AC10-D89CC3994E3B}.Release|Any CPU.Build.0 = Release|Any CPU
		{90A2C9BB-D422-44F7-B82F-9758CBACBC25}.Debug|Any CPU.ActiveCfg = Debug|Any CPU
		{90A2C9BB-D422-44F7-B82F-9758CBACBC25}.Debug|Any CPU.Build.0 = Debug|Any CPU
		{90A2C9BB-D422-44F7-B82F-9758CBACBC25}.Release|Any CPU.ActiveCfg = Release|Any CPU
		{90A2C9BB-D422-44F7-B82F-9758CBACBC25}.Release|Any CPU.Build.0 = Release|Any CPU
		{69E93539-BC52-4BB6-8912-2AF485E42691}.Debug|Any CPU.ActiveCfg = Debug|Any CPU
		{69E93539-BC52-4BB6-8912-2AF485E42691}.Debug|Any CPU.Build.0 = Debug|Any CPU
		{69E93539-BC52-4BB6-8912-2AF485E42691}.Release|Any CPU.ActiveCfg = Release|Any CPU
		{69E93539-BC52-4BB6-8912-2AF485E42691}.Release|Any CPU.Build.0 = Release|Any CPU
		{7C69A3CA-29DD-4C33-B70F-F998A6E650B9}.Debug|Any CPU.ActiveCfg = Debug|Any CPU
		{7C69A3CA-29DD-4C33-B70F-F998A6E650B9}.Debug|Any CPU.Build.0 = Debug|Any CPU
		{7C69A3CA-29DD-4C33-B70F-F998A6E650B9}.Release|Any CPU.ActiveCfg = Release|Any CPU
		{7C69A3CA-29DD-4C33-B70F-F998A6E650B9}.Release|Any CPU.Build.0 = Release|Any CPU
		{C6BBC79C-7F29-4385-8B4B-BD73D01AC4E0}.Debug|Any CPU.ActiveCfg = Debug|Any CPU
		{C6BBC79C-7F29-4385-8B4B-BD73D01AC4E0}.Debug|Any CPU.Build.0 = Debug|Any CPU
		{C6BBC79C-7F29-4385-8B4B-BD73D01AC4E0}.Release|Any CPU.ActiveCfg = Release|Any CPU
		{C6BBC79C-7F29-4385-8B4B-BD73D01AC4E0}.Release|Any CPU.Build.0 = Release|Any CPU
	EndGlobalSection
	GlobalSection(SolutionProperties) = preSolution
		HideSolutionNode = FALSE
	EndGlobalSection
	GlobalSection(ExtensibilityGlobals) = postSolution
		SolutionGuid = {3C977F2A-B38D-44EB-9BDF-F24F9BA166AE}
	EndGlobalSection
EndGlobal
