
Microsoft Visual Studio Solution File, Format Version 12.00
# Visual Studio 15
VisualStudioVersion = 15.0.27004.2009
MinimumVisualStudioVersion = 10.0.40219.1
Project("{FAE04EC0-301F-11D3-BF4B-00C04F79EFBC}") = "Samples.CoapClient", "Samples.CoapClient.csproj", "{9A017572-0F85-4ECA-96D5-EBC8DDB50FE3}"
EndProject
Project("{FAE04EC0-301F-11D3-BF4B-00C04F79EFBC}") = "Piraeus.Clients", "..\..\..\Piraeus\Piraeus.Clients\Piraeus.Clients.csproj", "{E41C1AA8-8160-4D4C-8462-E9EC011560EC}"
EndProject
Global
	GlobalSection(SolutionConfigurationPlatforms) = preSolution
		Debug|Any CPU = Debug|Any CPU
		Release|Any CPU = Release|Any CPU
	EndGlobalSection
	GlobalSection(ProjectConfigurationPlatforms) = postSolution
		{9A017572-0F85-4ECA-96D5-EBC8DDB50FE3}.Debug|Any CPU.ActiveCfg = Debug|Any CPU
		{9A017572-0F85-4ECA-96D5-EBC8DDB50FE3}.Debug|Any CPU.Build.0 = Debug|Any CPU
		{9A017572-0F85-4ECA-96D5-EBC8DDB50FE3}.Release|Any CPU.ActiveCfg = Release|Any CPU
		{9A017572-0F85-4ECA-96D5-EBC8DDB50FE3}.Release|Any CPU.Build.0 = Release|Any CPU
		{E41C1AA8-8160-4D4C-8462-E9EC011560EC}.Debug|Any CPU.ActiveCfg = Debug|Any CPU
		{E41C1AA8-8160-4D4C-8462-E9EC011560EC}.Debug|Any CPU.Build.0 = Debug|Any CPU
		{E41C1AA8-8160-4D4C-8462-E9EC011560EC}.Release|Any CPU.ActiveCfg = Release|Any CPU
		{E41C1AA8-8160-4D4C-8462-E9EC011560EC}.Release|Any CPU.Build.0 = Release|Any CPU
	EndGlobalSection
	GlobalSection(SolutionProperties) = preSolution
		HideSolutionNode = FALSE
	EndGlobalSection
	GlobalSection(ExtensibilityGlobals) = postSolution
		SolutionGuid = {F781CE52-3D94-4AC6-890A-C207966ED2F4}
	EndGlobalSection
EndGlobal
