
Microsoft Visual Studio Solution File, Format Version 12.00
# Visual Studio 14
VisualStudioVersion = 14.0.23107.0
MinimumVisualStudioVersion = 10.0.40219.1
Project("{FAE04EC0-301F-11D3-BF4B-00C04F79EFBC}") = "AuthzPolicyServer", "..\..\..\PolicyServer\AuthzPolicyServer\AuthzPolicyServer.csproj", "{414F67A2-BAA8-4198-AD15-B53F904C2F74}"
EndProject
Project("{FAE04EC0-301F-11D3-BF4B-00C04F79EFBC}") = "Piraeus.Services.Storage", "..\..\..\..\Piraeus\main\src\Piraeus.Services.Storage\Piraeus.Services.Storage.csproj", "{1E9A3DD9-7FB5-44AB-A441-68D9F199737C}"
EndProject
Project("{FAE04EC0-301F-11D3-BF4B-00C04F79EFBC}") = "SkunkLab.Module", "..\..\..\SkunkLab\main\src\SkunkLab.Module\SkunkLab.Module.csproj", "{F9247B05-4D42-4F0D-A5C9-33CDF01077B7}"
EndProject
Project("{FAE04EC0-301F-11D3-BF4B-00C04F79EFBC}") = "SkunkLab.Common", "..\..\..\SkunkLab\main\src\SkunkLab.Common\SkunkLab.Common.csproj", "{930265B2-955A-415C-8FE3-7A163583E9C7}"
EndProject
Project("{FAE04EC0-301F-11D3-BF4B-00C04F79EFBC}") = "SkunkLab", "..\..\..\SkunkLab\main\src\SkunkLab\SkunkLab.csproj", "{2BFDAC2F-47DB-4ED6-B22B-1DF5C7F8B11D}"
EndProject
Global
	GlobalSection(SolutionConfigurationPlatforms) = preSolution
		Debug|Any CPU = Debug|Any CPU
		Release|Any CPU = Release|Any CPU
	EndGlobalSection
	GlobalSection(ProjectConfigurationPlatforms) = postSolution
		{414F67A2-BAA8-4198-AD15-B53F904C2F74}.Debug|Any CPU.ActiveCfg = Debug|Any CPU
		{414F67A2-BAA8-4198-AD15-B53F904C2F74}.Debug|Any CPU.Build.0 = Debug|Any CPU
		{414F67A2-BAA8-4198-AD15-B53F904C2F74}.Release|Any CPU.ActiveCfg = Release|Any CPU
		{414F67A2-BAA8-4198-AD15-B53F904C2F74}.Release|Any CPU.Build.0 = Release|Any CPU
		{1E9A3DD9-7FB5-44AB-A441-68D9F199737C}.Debug|Any CPU.ActiveCfg = Debug|Any CPU
		{1E9A3DD9-7FB5-44AB-A441-68D9F199737C}.Debug|Any CPU.Build.0 = Debug|Any CPU
		{1E9A3DD9-7FB5-44AB-A441-68D9F199737C}.Release|Any CPU.ActiveCfg = Release|Any CPU
		{1E9A3DD9-7FB5-44AB-A441-68D9F199737C}.Release|Any CPU.Build.0 = Release|Any CPU
		{F9247B05-4D42-4F0D-A5C9-33CDF01077B7}.Debug|Any CPU.ActiveCfg = Debug|Any CPU
		{F9247B05-4D42-4F0D-A5C9-33CDF01077B7}.Debug|Any CPU.Build.0 = Debug|Any CPU
		{F9247B05-4D42-4F0D-A5C9-33CDF01077B7}.Release|Any CPU.ActiveCfg = Release|Any CPU
		{F9247B05-4D42-4F0D-A5C9-33CDF01077B7}.Release|Any CPU.Build.0 = Release|Any CPU
		{930265B2-955A-415C-8FE3-7A163583E9C7}.Debug|Any CPU.ActiveCfg = Debug|Any CPU
		{930265B2-955A-415C-8FE3-7A163583E9C7}.Debug|Any CPU.Build.0 = Debug|Any CPU
		{930265B2-955A-415C-8FE3-7A163583E9C7}.Release|Any CPU.ActiveCfg = Release|Any CPU
		{930265B2-955A-415C-8FE3-7A163583E9C7}.Release|Any CPU.Build.0 = Release|Any CPU
		{2BFDAC2F-47DB-4ED6-B22B-1DF5C7F8B11D}.Debug|Any CPU.ActiveCfg = Debug|Any CPU
		{2BFDAC2F-47DB-4ED6-B22B-1DF5C7F8B11D}.Debug|Any CPU.Build.0 = Debug|Any CPU
		{2BFDAC2F-47DB-4ED6-B22B-1DF5C7F8B11D}.Release|Any CPU.ActiveCfg = Release|Any CPU
		{2BFDAC2F-47DB-4ED6-B22B-1DF5C7F8B11D}.Release|Any CPU.Build.0 = Release|Any CPU
	EndGlobalSection
	GlobalSection(SolutionProperties) = preSolution
		HideSolutionNode = FALSE
	EndGlobalSection
EndGlobal
