
Microsoft Visual Studio Solution File, Format Version 12.00
# Visual Studio 15
VisualStudioVersion = 15.0.27130.2003
MinimumVisualStudioVersion = 10.0.40219.1
Project("{FAE04EC0-301F-11D3-BF4B-00C04F79EFBC}") = "NotificationTest", "NotificationTest\NotificationTest.csproj", "{35B40109-AF63-4860-ADC7-D984B61FA112}"
EndProject
Project("{FAE04EC0-301F-11D3-BF4B-00C04F79EFBC}") = "Piraeus.Core", "..\..\..\Piraeus\Piraeus.Core\Piraeus.Core.csproj", "{DB8FF87B-3C47-429E-BE51-29ADE3735FCE}"
EndProject
Project("{FAE04EC0-301F-11D3-BF4B-00C04F79EFBC}") = "SkunkLab.Storage", "..\..\..\SkunkLab\SkunkLab.Storage\SkunkLab.Storage\SkunkLab.Storage.csproj", "{738CBF32-00AB-4D4D-BA03-BBA55CE1A543}"
EndProject
Project("{FAE04EC0-301F-11D3-BF4B-00C04F79EFBC}") = "Piraeus.Configuration", "..\..\..\Piraeus\Piraeus.Configuration\Piraeus.Configuration.csproj", "{69E93539-BC52-4BB6-8912-2AF485E42691}"
EndProject
Project("{FAE04EC0-301F-11D3-BF4B-00C04F79EFBC}") = "SkunkLab.Security", "..\..\..\SkunkLab\SkunkLab.Security\SkunkLab.Security\SkunkLab.Security.csproj", "{EA12413C-2396-4435-AAD5-97F846FDD9C6}"
EndProject
Global
	GlobalSection(SolutionConfigurationPlatforms) = preSolution
		Debug|Any CPU = Debug|Any CPU
		Release|Any CPU = Release|Any CPU
	EndGlobalSection
	GlobalSection(ProjectConfigurationPlatforms) = postSolution
		{35B40109-AF63-4860-ADC7-D984B61FA112}.Debug|Any CPU.ActiveCfg = Debug|Any CPU
		{35B40109-AF63-4860-ADC7-D984B61FA112}.Debug|Any CPU.Build.0 = Debug|Any CPU
		{35B40109-AF63-4860-ADC7-D984B61FA112}.Release|Any CPU.ActiveCfg = Release|Any CPU
		{35B40109-AF63-4860-ADC7-D984B61FA112}.Release|Any CPU.Build.0 = Release|Any CPU
		{DB8FF87B-3C47-429E-BE51-29ADE3735FCE}.Debug|Any CPU.ActiveCfg = Debug|Any CPU
		{DB8FF87B-3C47-429E-BE51-29ADE3735FCE}.Debug|Any CPU.Build.0 = Debug|Any CPU
		{DB8FF87B-3C47-429E-BE51-29ADE3735FCE}.Release|Any CPU.ActiveCfg = Release|Any CPU
		{DB8FF87B-3C47-429E-BE51-29ADE3735FCE}.Release|Any CPU.Build.0 = Release|Any CPU
		{738CBF32-00AB-4D4D-BA03-BBA55CE1A543}.Debug|Any CPU.ActiveCfg = Debug|Any CPU
		{738CBF32-00AB-4D4D-BA03-BBA55CE1A543}.Debug|Any CPU.Build.0 = Debug|Any CPU
		{738CBF32-00AB-4D4D-BA03-BBA55CE1A543}.Release|Any CPU.ActiveCfg = Release|Any CPU
		{738CBF32-00AB-4D4D-BA03-BBA55CE1A543}.Release|Any CPU.Build.0 = Release|Any CPU
		{69E93539-BC52-4BB6-8912-2AF485E42691}.Debug|Any CPU.ActiveCfg = Debug|Any CPU
		{69E93539-BC52-4BB6-8912-2AF485E42691}.Debug|Any CPU.Build.0 = Debug|Any CPU
		{69E93539-BC52-4BB6-8912-2AF485E42691}.Release|Any CPU.ActiveCfg = Release|Any CPU
		{69E93539-BC52-4BB6-8912-2AF485E42691}.Release|Any CPU.Build.0 = Release|Any CPU
		{EA12413C-2396-4435-AAD5-97F846FDD9C6}.Debug|Any CPU.ActiveCfg = Debug|Any CPU
		{EA12413C-2396-4435-AAD5-97F846FDD9C6}.Debug|Any CPU.Build.0 = Debug|Any CPU
		{EA12413C-2396-4435-AAD5-97F846FDD9C6}.Release|Any CPU.ActiveCfg = Release|Any CPU
		{EA12413C-2396-4435-AAD5-97F846FDD9C6}.Release|Any CPU.Build.0 = Release|Any CPU
	EndGlobalSection
	GlobalSection(SolutionProperties) = preSolution
		HideSolutionNode = FALSE
	EndGlobalSection
	GlobalSection(ExtensibilityGlobals) = postSolution
		EnterpriseLibraryConfigurationToolBinariesPathV6 = packages\EnterpriseLibrary.TransientFaultHandling.6.0.1304.0\lib\portable-net45+win+wp8
		SolutionGuid = {AF978478-188E-46C0-BDA7-EAB6178878E8}
	EndGlobalSection
EndGlobal
