
Microsoft Visual Studio Solution File, Format Version 12.00
# Visual Studio 15
VisualStudioVersion = 15.0.27004.2009
MinimumVisualStudioVersion = 10.0.40219.1
Project("{FAE04EC0-301F-11D3-BF4B-00C04F79EFBC}") = "WebGateway", "WebGateway\WebGateway.csproj", "{4693660A-72FF-4244-8AEB-0F5A2A3F1E22}"
EndProject
Global
	GlobalSection(SolutionConfigurationPlatforms) = preSolution
		Debug|Any CPU = Debug|Any CPU
		Release|Any CPU = Release|Any CPU
	EndGlobalSection
	GlobalSection(ProjectConfigurationPlatforms) = postSolution
		{4693660A-72FF-4244-8AEB-0F5A2A3F1E22}.Debug|Any CPU.ActiveCfg = Debug|Any CPU
		{4693660A-72FF-4244-8AEB-0F5A2A3F1E22}.Debug|Any CPU.Build.0 = Debug|Any CPU
		{4693660A-72FF-4244-8AEB-0F5A2A3F1E22}.Release|Any CPU.ActiveCfg = Release|Any CPU
		{4693660A-72FF-4244-8AEB-0F5A2A3F1E22}.Release|Any CPU.Build.0 = Release|Any CPU
	EndGlobalSection
	GlobalSection(SolutionProperties) = preSolution
		HideSolutionNode = FALSE
	EndGlobalSection
	GlobalSection(ExtensibilityGlobals) = postSolution
		SolutionGuid = {033A7832-01BD-452C-9524-AF932B2FAF27}
	EndGlobalSection
EndGlobal
