
Microsoft Visual Studio Solution File, Format Version 12.00
# Visual Studio 15
VisualStudioVersion = 15.0.27004.2009
MinimumVisualStudioVersion = 10.0.40219.1
Project("{FAE04EC0-301F-11D3-BF4B-00C04F79EFBC}") = "WebGatewayTest", "WebGatewayTest\WebGatewayTest.csproj", "{94B35D25-950C-45EA-87D0-E8497F37C5B9}"
EndProject
Global
	GlobalSection(SolutionConfigurationPlatforms) = preSolution
		Debug|Any CPU = Debug|Any CPU
		Release|Any CPU = Release|Any CPU
	EndGlobalSection
	GlobalSection(ProjectConfigurationPlatforms) = postSolution
		{94B35D25-950C-45EA-87D0-E8497F37C5B9}.Debug|Any CPU.ActiveCfg = Debug|Any CPU
		{94B35D25-950C-45EA-87D0-E8497F37C5B9}.Debug|Any CPU.Build.0 = Debug|Any CPU
		{94B35D25-950C-45EA-87D0-E8497F37C5B9}.Release|Any CPU.ActiveCfg = Release|Any CPU
		{94B35D25-950C-45EA-87D0-E8497F37C5B9}.Release|Any CPU.Build.0 = Release|Any CPU
	EndGlobalSection
	GlobalSection(SolutionProperties) = preSolution
		HideSolutionNode = FALSE
	EndGlobalSection
	GlobalSection(ExtensibilityGlobals) = postSolution
		SolutionGuid = {DFC0A88A-1411-411A-AB15-70D8229FAB1C}
	EndGlobalSection
EndGlobal
