
Microsoft Visual Studio Solution File, Format Version 12.00
# Visual Studio 15
VisualStudioVersion = 15.0.26730.12
MinimumVisualStudioVersion = 10.0.40219.1
Project("{9A19103F-16F7-4668-BE54-9A1E7A4F7556}") = "Piraeus.Core", "Piraeus.Core\Piraeus.Core.csproj", "{67931294-60A1-4D33-A808-BBB23CBD32C6}"
EndProject
Project("{FAE04EC0-301F-11D3-BF4B-00C04F79EFBC}") = "Piraeus.Grains", "Piraeus.Grains\Piraeus.Grains.csproj", "{A1634DA9-611F-4B4B-B53D-CBBA2CB4B803}"
EndProject
Project("{FAE04EC0-301F-11D3-BF4B-00C04F79EFBC}") = "Piraeus.ServiceModel", "Piraeus.ServiceModel\Piraeus.ServiceModel.csproj", "{0CC3FF83-8884-4353-9907-3DD9288736C2}"
EndProject
Global
	GlobalSection(SolutionConfigurationPlatforms) = preSolution
		Debug|Any CPU = Debug|Any CPU
		Release|Any CPU = Release|Any CPU
	EndGlobalSection
	GlobalSection(ProjectConfigurationPlatforms) = postSolution
		{67931294-60A1-4D33-A808-BBB23CBD32C6}.Debug|Any CPU.ActiveCfg = Debug|Any CPU
		{67931294-60A1-4D33-A808-BBB23CBD32C6}.Debug|Any CPU.Build.0 = Debug|Any CPU
		{67931294-60A1-4D33-A808-BBB23CBD32C6}.Release|Any CPU.ActiveCfg = Release|Any CPU
		{67931294-60A1-4D33-A808-BBB23CBD32C6}.Release|Any CPU.Build.0 = Release|Any CPU
		{A1634DA9-611F-4B4B-B53D-CBBA2CB4B803}.Debug|Any CPU.ActiveCfg = Debug|Any CPU
		{A1634DA9-611F-4B4B-B53D-CBBA2CB4B803}.Debug|Any CPU.Build.0 = Debug|Any CPU
		{A1634DA9-611F-4B4B-B53D-CBBA2CB4B803}.Release|Any CPU.ActiveCfg = Release|Any CPU
		{A1634DA9-611F-4B4B-B53D-CBBA2CB4B803}.Release|Any CPU.Build.0 = Release|Any CPU
		{0CC3FF83-8884-4353-9907-3DD9288736C2}.Debug|Any CPU.ActiveCfg = Debug|Any CPU
		{0CC3FF83-8884-4353-9907-3DD9288736C2}.Debug|Any CPU.Build.0 = Debug|Any CPU
		{0CC3FF83-8884-4353-9907-3DD9288736C2}.Release|Any CPU.ActiveCfg = Release|Any CPU
		{0CC3FF83-8884-4353-9907-3DD9288736C2}.Release|Any CPU.Build.0 = Release|Any CPU
	EndGlobalSection
	GlobalSection(SolutionProperties) = preSolution
		HideSolutionNode = FALSE
	EndGlobalSection
	GlobalSection(ExtensibilityGlobals) = postSolution
		SolutionGuid = {3DEAF802-BD3F-4F80-96EB-BAB1352D9FB8}
	EndGlobalSection
EndGlobal
