
Microsoft Visual Studio Solution File, Format Version 12.00
# Visual Studio 15
VisualStudioVersion = 15.0.27130.2003
MinimumVisualStudioVersion = 10.0.40219.1
Project("{FAE04EC0-301F-11D3-BF4B-00C04F79EFBC}") = "Samples.Clients.Rest", "Samples.Clients.Rest.csproj", "{D80CBBCF-F0C9-4567-A6B4-19C150507207}"
EndProject
Project("{FAE04EC0-301F-11D3-BF4B-00C04F79EFBC}") = "Piraeus.Clients", "..\..\..\Piraeus\Piraeus.Clients\Piraeus.Clients.csproj", "{E41C1AA8-8160-4D4C-8462-E9EC011560EC}"
EndProject
Project("{FAE04EC0-301F-11D3-BF4B-00C04F79EFBC}") = "SkunkLab.Channels", "..\..\..\SkunkLab\SkunkLab.Channels\SkunkLab.Channels\SkunkLab.Channels.csproj", "{7C69A3CA-29DD-4C33-B70F-F998A6E650B9}"
EndProject
Project("{FAE04EC0-301F-11D3-BF4B-00C04F79EFBC}") = "SkunkLab.Security", "..\..\..\SkunkLab\SkunkLab.Security\SkunkLab.Security\SkunkLab.Security.csproj", "{90A2C9BB-D422-44F7-B82F-9758CBACBC25}"
EndProject
Project("{FAE04EC0-301F-11D3-BF4B-00C04F79EFBC}") = "SkunkLab.Protocols", "..\..\..\SkunkLab\SkunkLab.Protocols\SkunkLab.Protocols\SkunkLab.Protocols.csproj", "{7B2C72A0-0DBA-4DED-96DC-B6AF80A82277}"
EndProject
Project("{FAE04EC0-301F-11D3-BF4B-00C04F79EFBC}") = "SkunkLab.Diagnostics", "..\..\..\SkunkLab\SkunkLab.Diagnostics\SkunkLab.Diagnostics\SkunkLab.Diagnostics.csproj", "{C6BBC79C-7F29-4385-8B4B-BD73D01AC4E0}"
EndProject
Global
	GlobalSection(SolutionConfigurationPlatforms) = preSolution
		Debug|Any CPU = Debug|Any CPU
		Release|Any CPU = Release|Any CPU
	EndGlobalSection
	GlobalSection(ProjectConfigurationPlatforms) = postSolution
		{D80CBBCF-F0C9-4567-A6B4-19C150507207}.Debug|Any CPU.ActiveCfg = Debug|Any CPU
		{D80CBBCF-F0C9-4567-A6B4-19C150507207}.Debug|Any CPU.Build.0 = Debug|Any CPU
		{D80CBBCF-F0C9-4567-A6B4-19C150507207}.Release|Any CPU.ActiveCfg = Release|Any CPU
		{D80CBBCF-F0C9-4567-A6B4-19C150507207}.Release|Any CPU.Build.0 = Release|Any CPU
		{E41C1AA8-8160-4D4C-8462-E9EC011560EC}.Debug|Any CPU.ActiveCfg = Debug|Any CPU
		{E41C1AA8-8160-4D4C-8462-E9EC011560EC}.Debug|Any CPU.Build.0 = Debug|Any CPU
		{E41C1AA8-8160-4D4C-8462-E9EC011560EC}.Release|Any CPU.ActiveCfg = Release|Any CPU
		{E41C1AA8-8160-4D4C-8462-E9EC011560EC}.Release|Any CPU.Build.0 = Release|Any CPU
		{7C69A3CA-29DD-4C33-B70F-F998A6E650B9}.Debug|Any CPU.ActiveCfg = Debug|Any CPU
		{7C69A3CA-29DD-4C33-B70F-F998A6E650B9}.Debug|Any CPU.Build.0 = Debug|Any CPU
		{7C69A3CA-29DD-4C33-B70F-F998A6E650B9}.Release|Any CPU.ActiveCfg = Release|Any CPU
		{7C69A3CA-29DD-4C33-B70F-F998A6E650B9}.Release|Any CPU.Build.0 = Release|Any CPU
		{90A2C9BB-D422-44F7-B82F-9758CBACBC25}.Debug|Any CPU.ActiveCfg = Debug|Any CPU
		{90A2C9BB-D422-44F7-B82F-9758CBACBC25}.Debug|Any CPU.Build.0 = Debug|Any CPU
		{90A2C9BB-D422-44F7-B82F-9758CBACBC25}.Release|Any CPU.ActiveCfg = Release|Any CPU
		{90A2C9BB-D422-44F7-B82F-9758CBACBC25}.Release|Any CPU.Build.0 = Release|Any CPU
		{7B2C72A0-0DBA-4DED-96DC-B6AF80A82277}.Debug|Any CPU.ActiveCfg = Debug|Any CPU
		{7B2C72A0-0DBA-4DED-96DC-B6AF80A82277}.Debug|Any CPU.Build.0 = Debug|Any CPU
		{7B2C72A0-0DBA-4DED-96DC-B6AF80A82277}.Release|Any CPU.ActiveCfg = Release|Any CPU
		{7B2C72A0-0DBA-4DED-96DC-B6AF80A82277}.Release|Any CPU.Build.0 = Release|Any CPU
		{C6BBC79C-7F29-4385-8B4B-BD73D01AC4E0}.Debug|Any CPU.ActiveCfg = Debug|Any CPU
		{C6BBC79C-7F29-4385-8B4B-BD73D01AC4E0}.Debug|Any CPU.Build.0 = Debug|Any CPU
		{C6BBC79C-7F29-4385-8B4B-BD73D01AC4E0}.Release|Any CPU.ActiveCfg = Release|Any CPU
		{C6BBC79C-7F29-4385-8B4B-BD73D01AC4E0}.Release|Any CPU.Build.0 = Release|Any CPU
	EndGlobalSection
	GlobalSection(SolutionProperties) = preSolution
		HideSolutionNode = FALSE
	EndGlobalSection
	GlobalSection(ExtensibilityGlobals) = postSolution
		SolutionGuid = {9E8022E3-C02F-4E65-A916-63F53729C299}
	EndGlobalSection
EndGlobal
